
Microsoft Visual Studio Solution File, Format Version 12.00
# Visual Studio Version 17
VisualStudioVersion = 17.6.33829.357
MinimumVisualStudioVersion = 10.0.40219.1
Project("{2150E333-8FDC-42A3-9474-1A3956D46DE8}") = "Tests", "Tests", "{EAF903DD-3122-4E40-902A-05A4CA4CAB16}"
EndProject
Project("{2150E333-8FDC-42A3-9474-1A3956D46DE8}") = "Services", "Services", "{834DC722-233F-49CC-AFBB-76C134685BD6}"
EndProject
Project("{2150E333-8FDC-42A3-9474-1A3956D46DE8}") = "Core", "Core", "{628B9EDB-F29F-4D9D-9378-4C713331654F}"
EndProject
Project("{FAE04EC0-301F-11D3-BF4B-00C04F79EFBC}") = "Core.Objects", "Services\Core\Core.Objects\Core.Objects.csproj", "{F26DC010-CCAE-4A0E-A09C-BE340D882888}"
EndProject
Project("{FAE04EC0-301F-11D3-BF4B-00C04F79EFBC}") = "Core.Logic", "Services\Core\Core.Logic\Core.Logic.csproj", "{17807C6B-CD97-421B-A2A3-6E9FC1196E1E}"
EndProject
Project("{2150E333-8FDC-42A3-9474-1A3956D46DE8}") = "Base", "Base", "{57065B87-C85E-4C9F-950A-DD8F467E399E}"
EndProject
Project("{9A19103F-16F7-4668-BE54-9A1E7A4F7556}") = "Base.Objects", "Base\Base.Objects\Base.Objects.csproj", "{F9F838CB-A9B5-4DAB-99C6-19ECD523FE9B}"
EndProject
Project("{FAE04EC0-301F-11D3-BF4B-00C04F79EFBC}") = "SimpleInlineTests", "Tests\SimpleInlineTests\SimpleInlineTests.csproj", "{142CDFA4-0014-4BA6-81B1-6B0F65C752EE}"
EndProject
Project("{2150E333-8FDC-42A3-9474-1A3956D46DE8}") = "NotificationsService", "NotificationsService", "{68219CF0-D179-4ADD-9618-D7E16B9D997A}"
EndProject
Project("{FAE04EC0-301F-11D3-BF4B-00C04F79EFBC}") = "Notification.Objects", "Services\NotificationService\Notification.Objects\Notification.Objects.csproj", "{252F0BE9-4AF9-49C5-8E82-EE6547789324}"
EndProject
Project("{2150E333-8FDC-42A3-9474-1A3956D46DE8}") = "AuthorizationService", "AuthorizationService", "{270B974E-32E9-4B97-A192-EAC69F877420}"
EndProject
Project("{FAE04EC0-301F-11D3-BF4B-00C04F79EFBC}") = "Authorization.Objects", "Services\AuthorizationService\Authorization.Objects\Authorization.Objects.csproj", "{34CF69E1-8780-4E49-8784-08AD4E5AA5A5}"
EndProject
Global
	GlobalSection(SolutionConfigurationPlatforms) = preSolution
		Debug|Any CPU = Debug|Any CPU
		Release|Any CPU = Release|Any CPU
	EndGlobalSection
	GlobalSection(ProjectConfigurationPlatforms) = postSolution
		{F26DC010-CCAE-4A0E-A09C-BE340D882888}.Debug|Any CPU.ActiveCfg = Debug|Any CPU
		{F26DC010-CCAE-4A0E-A09C-BE340D882888}.Debug|Any CPU.Build.0 = Debug|Any CPU
		{F26DC010-CCAE-4A0E-A09C-BE340D882888}.Release|Any CPU.ActiveCfg = Release|Any CPU
		{F26DC010-CCAE-4A0E-A09C-BE340D882888}.Release|Any CPU.Build.0 = Release|Any CPU
		{17807C6B-CD97-421B-A2A3-6E9FC1196E1E}.Debug|Any CPU.ActiveCfg = Debug|Any CPU
		{17807C6B-CD97-421B-A2A3-6E9FC1196E1E}.Debug|Any CPU.Build.0 = Debug|Any CPU
		{17807C6B-CD97-421B-A2A3-6E9FC1196E1E}.Release|Any CPU.ActiveCfg = Release|Any CPU
		{17807C6B-CD97-421B-A2A3-6E9FC1196E1E}.Release|Any CPU.Build.0 = Release|Any CPU
		{F9F838CB-A9B5-4DAB-99C6-19ECD523FE9B}.Debug|Any CPU.ActiveCfg = Debug|Any CPU
		{F9F838CB-A9B5-4DAB-99C6-19ECD523FE9B}.Debug|Any CPU.Build.0 = Debug|Any CPU
		{F9F838CB-A9B5-4DAB-99C6-19ECD523FE9B}.Release|Any CPU.ActiveCfg = Release|Any CPU
		{F9F838CB-A9B5-4DAB-99C6-19ECD523FE9B}.Release|Any CPU.Build.0 = Release|Any CPU
		{142CDFA4-0014-4BA6-81B1-6B0F65C752EE}.Debug|Any CPU.ActiveCfg = Debug|Any CPU
		{142CDFA4-0014-4BA6-81B1-6B0F65C752EE}.Debug|Any CPU.Build.0 = Debug|Any CPU
		{142CDFA4-0014-4BA6-81B1-6B0F65C752EE}.Release|Any CPU.ActiveCfg = Release|Any CPU
		{142CDFA4-0014-4BA6-81B1-6B0F65C752EE}.Release|Any CPU.Build.0 = Release|Any CPU
		{252F0BE9-4AF9-49C5-8E82-EE6547789324}.Debug|Any CPU.ActiveCfg = Debug|Any CPU
		{252F0BE9-4AF9-49C5-8E82-EE6547789324}.Debug|Any CPU.Build.0 = Debug|Any CPU
		{252F0BE9-4AF9-49C5-8E82-EE6547789324}.Release|Any CPU.ActiveCfg = Release|Any CPU
		{252F0BE9-4AF9-49C5-8E82-EE6547789324}.Release|Any CPU.Build.0 = Release|Any CPU
		{34CF69E1-8780-4E49-8784-08AD4E5AA5A5}.Debug|Any CPU.ActiveCfg = Debug|Any CPU
		{34CF69E1-8780-4E49-8784-08AD4E5AA5A5}.Debug|Any CPU.Build.0 = Debug|Any CPU
		{34CF69E1-8780-4E49-8784-08AD4E5AA5A5}.Release|Any CPU.ActiveCfg = Release|Any CPU
		{34CF69E1-8780-4E49-8784-08AD4E5AA5A5}.Release|Any CPU.Build.0 = Release|Any CPU
	EndGlobalSection
	GlobalSection(SolutionProperties) = preSolution
		HideSolutionNode = FALSE
	EndGlobalSection
	GlobalSection(NestedProjects) = preSolution
		{628B9EDB-F29F-4D9D-9378-4C713331654F} = {834DC722-233F-49CC-AFBB-76C134685BD6}
		{F26DC010-CCAE-4A0E-A09C-BE340D882888} = {628B9EDB-F29F-4D9D-9378-4C713331654F}
		{17807C6B-CD97-421B-A2A3-6E9FC1196E1E} = {628B9EDB-F29F-4D9D-9378-4C713331654F}
		{F9F838CB-A9B5-4DAB-99C6-19ECD523FE9B} = {57065B87-C85E-4C9F-950A-DD8F467E399E}
		{142CDFA4-0014-4BA6-81B1-6B0F65C752EE} = {EAF903DD-3122-4E40-902A-05A4CA4CAB16}
		{68219CF0-D179-4ADD-9618-D7E16B9D997A} = {834DC722-233F-49CC-AFBB-76C134685BD6}
		{252F0BE9-4AF9-49C5-8E82-EE6547789324} = {68219CF0-D179-4ADD-9618-D7E16B9D997A}
		{270B974E-32E9-4B97-A192-EAC69F877420} = {834DC722-233F-49CC-AFBB-76C134685BD6}
		{34CF69E1-8780-4E49-8784-08AD4E5AA5A5} = {270B974E-32E9-4B97-A192-EAC69F877420}
	EndGlobalSection
	GlobalSection(ExtensibilityGlobals) = postSolution
		SolutionGuid = {4EF73545-6C1E-46F4-8ACF-B60460B2C466}
	EndGlobalSection
EndGlobal
